
Microsoft Visual Studio Solution File, Format Version 12.00
# Visual Studio Version 17
VisualStudioVersion = 17.0.31903.59
MinimumVisualStudioVersion = 10.0.40219.1
Project("{FAE04EC0-301F-11D3-BF4B-00C04F79EFBC}") = "DMD.APPLICATION", "DMD.APPLICATION\DMD.APPLICATION.csproj", "{F0F5030C-39A8-479C-9996-1ED5C5BD2541}"
EndProject
Project("{FAE04EC0-301F-11D3-BF4B-00C04F79EFBC}") = "DMD.DOMAIN", "DMD.DOMAIN\DMD.DOMAIN.csproj", "{AF339A59-90B9-4161-BF55-395D38343F07}"
EndProject
Project("{FAE04EC0-301F-11D3-BF4B-00C04F79EFBC}") = "DMD.PERSISTENCE", "DMD.PERSISTENCE\DMD.PERSISTENCE.csproj", "{00A1B618-C427-4A48-AC6E-45DEF58D9059}"
EndProject
Project("{FAE04EC0-301F-11D3-BF4B-00C04F79EFBC}") = "DMD.SERVICES", "DMD.SERVICES\DMD.SERVICES.csproj", "{EC5918E8-0E87-4BE3-88D8-ABC35B161CFE}"
EndProject
Project("{FAE04EC0-301F-11D3-BF4B-00C04F79EFBC}") = "DMD.HANGFIRE", "DMD.HANGFIRE\DMD.HANGFIRE.csproj", "{D750210C-C8C3-4E20-933E-7712F2F7C64D}"
EndProject
Project("{FAE04EC0-301F-11D3-BF4B-00C04F79EFBC}") = "DMD.API", "DMD\DMD.API.csproj", "{5A8471A8-5223-4AB6-A111-F2EF9F8A8F56}"
EndProject
Global
	GlobalSection(SolutionConfigurationPlatforms) = preSolution
		Debug|Any CPU = Debug|Any CPU
		Release|Any CPU = Release|Any CPU
	EndGlobalSection
	GlobalSection(SolutionProperties) = preSolution
		HideSolutionNode = FALSE
	EndGlobalSection
	GlobalSection(ProjectConfigurationPlatforms) = postSolution
		{F0F5030C-39A8-479C-9996-1ED5C5BD2541}.Debug|Any CPU.ActiveCfg = Debug|Any CPU
		{F0F5030C-39A8-479C-9996-1ED5C5BD2541}.Debug|Any CPU.Build.0 = Debug|Any CPU
		{F0F5030C-39A8-479C-9996-1ED5C5BD2541}.Release|Any CPU.ActiveCfg = Release|Any CPU
		{F0F5030C-39A8-479C-9996-1ED5C5BD2541}.Release|Any CPU.Build.0 = Release|Any CPU
		{AF339A59-90B9-4161-BF55-395D38343F07}.Debug|Any CPU.ActiveCfg = Debug|Any CPU
		{AF339A59-90B9-4161-BF55-395D38343F07}.Debug|Any CPU.Build.0 = Debug|Any CPU
		{AF339A59-90B9-4161-BF55-395D38343F07}.Release|Any CPU.ActiveCfg = Release|Any CPU
		{AF339A59-90B9-4161-BF55-395D38343F07}.Release|Any CPU.Build.0 = Release|Any CPU
		{00A1B618-C427-4A48-AC6E-45DEF58D9059}.Debug|Any CPU.ActiveCfg = Debug|Any CPU
		{00A1B618-C427-4A48-AC6E-45DEF58D9059}.Debug|Any CPU.Build.0 = Debug|Any CPU
		{00A1B618-C427-4A48-AC6E-45DEF58D9059}.Release|Any CPU.ActiveCfg = Release|Any CPU
		{00A1B618-C427-4A48-AC6E-45DEF58D9059}.Release|Any CPU.Build.0 = Release|Any CPU
		{EC5918E8-0E87-4BE3-88D8-ABC35B161CFE}.Debug|Any CPU.ActiveCfg = Debug|Any CPU
		{EC5918E8-0E87-4BE3-88D8-ABC35B161CFE}.Debug|Any CPU.Build.0 = Debug|Any CPU
		{EC5918E8-0E87-4BE3-88D8-ABC35B161CFE}.Release|Any CPU.ActiveCfg = Release|Any CPU
		{EC5918E8-0E87-4BE3-88D8-ABC35B161CFE}.Release|Any CPU.Build.0 = Release|Any CPU
		{D750210C-C8C3-4E20-933E-7712F2F7C64D}.Debug|Any CPU.ActiveCfg = Debug|Any CPU
		{D750210C-C8C3-4E20-933E-7712F2F7C64D}.Debug|Any CPU.Build.0 = Debug|Any CPU
		{D750210C-C8C3-4E20-933E-7712F2F7C64D}.Release|Any CPU.ActiveCfg = Release|Any CPU
		{D750210C-C8C3-4E20-933E-7712F2F7C64D}.Release|Any CPU.Build.0 = Release|Any CPU
		{5A8471A8-5223-4AB6-A111-F2EF9F8A8F56}.Debug|Any CPU.ActiveCfg = Debug|Any CPU
		{5A8471A8-5223-4AB6-A111-F2EF9F8A8F56}.Debug|Any CPU.Build.0 = Debug|Any CPU
		{5A8471A8-5223-4AB6-A111-F2EF9F8A8F56}.Release|Any CPU.ActiveCfg = Release|Any CPU
		{5A8471A8-5223-4AB6-A111-F2EF9F8A8F56}.Release|Any CPU.Build.0 = Release|Any CPU
	EndGlobalSection
EndGlobal
